
Microsoft Visual Studio Solution File, Format Version 12.00
# Visual Studio 2012
Project("{FAE04EC0-301F-11D3-BF4B-00C04F79EFBC}") = "MessageSender2", "MessageSender2\MessageSender2.csproj", "{01516121-6674-4927-8B86-D43ADF8F57CE}"
EndProject
Project("{FAE04EC0-301F-11D3-BF4B-00C04F79EFBC}") = "SchedulerProject", "..\..\..\Documents\Visual Studio 2012\Projects\SchedulerProject\SchedulerProject\SchedulerProject.csproj", "{0E3EBF83-1755-4711-8287-24E55DF11075}"
EndProject
Global
	GlobalSection(SolutionConfigurationPlatforms) = preSolution
		Debug|Any CPU = Debug|Any CPU
		Release|Any CPU = Release|Any CPU
	EndGlobalSection
	GlobalSection(ProjectConfigurationPlatforms) = postSolution
		{01516121-6674-4927-8B86-D43ADF8F57CE}.Debug|Any CPU.ActiveCfg = Debug|Any CPU
		{01516121-6674-4927-8B86-D43ADF8F57CE}.Debug|Any CPU.Build.0 = Debug|Any CPU
		{01516121-6674-4927-8B86-D43ADF8F57CE}.Release|Any CPU.ActiveCfg = Release|Any CPU
		{01516121-6674-4927-8B86-D43ADF8F57CE}.Release|Any CPU.Build.0 = Release|Any CPU
		{0E3EBF83-1755-4711-8287-24E55DF11075}.Debug|Any CPU.ActiveCfg = Debug|Any CPU
		{0E3EBF83-1755-4711-8287-24E55DF11075}.Debug|Any CPU.Build.0 = Debug|Any CPU
		{0E3EBF83-1755-4711-8287-24E55DF11075}.Release|Any CPU.ActiveCfg = Release|Any CPU
		{0E3EBF83-1755-4711-8287-24E55DF11075}.Release|Any CPU.Build.0 = Release|Any CPU
	EndGlobalSection
	GlobalSection(SolutionProperties) = preSolution
		HideSolutionNode = FALSE
	EndGlobalSection
EndGlobal
